
Microsoft Visual Studio Solution File, Format Version 12.00
# Visual Studio 2012
Project("{FAE04EC0-301F-11D3-BF4B-00C04F79EFBC}") = "PlotttingApp", "PlotttingApp\PlotttingApp.csproj", "{97C887A2-D4AB-4144-92F2-30DA1DACCDCB}"
EndProject
Project("{FAE04EC0-301F-11D3-BF4B-00C04F79EFBC}") = "FunctionPlotter", "FunctionPlotter\FunctionPlotter.csproj", "{A165CC37-7D35-4C4D-90DB-9C6BDED0EBA8}"
EndProject
Global
	GlobalSection(SolutionConfigurationPlatforms) = preSolution
		Debug|Any CPU = Debug|Any CPU
		Release|Any CPU = Release|Any CPU
	EndGlobalSection
	GlobalSection(ProjectConfigurationPlatforms) = postSolution
		{97C887A2-D4AB-4144-92F2-30DA1DACCDCB}.Debug|Any CPU.ActiveCfg = Debug|Any CPU
		{97C887A2-D4AB-4144-92F2-30DA1DACCDCB}.Debug|Any CPU.Build.0 = Debug|Any CPU
		{97C887A2-D4AB-4144-92F2-30DA1DACCDCB}.Release|Any CPU.ActiveCfg = Release|Any CPU
		{97C887A2-D4AB-4144-92F2-30DA1DACCDCB}.Release|Any CPU.Build.0 = Release|Any CPU
		{A165CC37-7D35-4C4D-90DB-9C6BDED0EBA8}.Debug|Any CPU.ActiveCfg = Debug|Any CPU
		{A165CC37-7D35-4C4D-90DB-9C6BDED0EBA8}.Debug|Any CPU.Build.0 = Debug|Any CPU
		{A165CC37-7D35-4C4D-90DB-9C6BDED0EBA8}.Release|Any CPU.ActiveCfg = Release|Any CPU
		{A165CC37-7D35-4C4D-90DB-9C6BDED0EBA8}.Release|Any CPU.Build.0 = Release|Any CPU
	EndGlobalSection
	GlobalSection(SolutionProperties) = preSolution
		HideSolutionNode = FALSE
	EndGlobalSection
EndGlobal
